
Microsoft Visual Studio Solution File, Format Version 12.00
# Visual Studio Version 17
VisualStudioVersion = 17.14.37027.9 d17.14
MinimumVisualStudioVersion = 10.0.40219.1
Project("{FAE04EC0-301F-11D3-BF4B-00C04F79EFBC}") = "Matrice4", "Matrice4\Matrice4.csproj", "{DA1ED376-6269-4A02-BD33-C125CBE80839}"
EndProject
Project("{FAE04EC0-301F-11D3-BF4B-00C04F79EFBC}") = "Matrici5", "Matrici5\Matrici5.csproj", "{47400769-4133-4CE2-A2A8-93A4F084A409}"
EndProject
Global
	GlobalSection(SolutionConfigurationPlatforms) = preSolution
		Debug|Any CPU = Debug|Any CPU
		Release|Any CPU = Release|Any CPU
	EndGlobalSection
	GlobalSection(ProjectConfigurationPlatforms) = postSolution
		{DA1ED376-6269-4A02-BD33-C125CBE80839}.Debug|Any CPU.ActiveCfg = Debug|Any CPU
		{DA1ED376-6269-4A02-BD33-C125CBE80839}.Debug|Any CPU.Build.0 = Debug|Any CPU
		{DA1ED376-6269-4A02-BD33-C125CBE80839}.Release|Any CPU.ActiveCfg = Release|Any CPU
		{DA1ED376-6269-4A02-BD33-C125CBE80839}.Release|Any CPU.Build.0 = Release|Any CPU
		{47400769-4133-4CE2-A2A8-93A4F084A409}.Debug|Any CPU.ActiveCfg = Debug|Any CPU
		{47400769-4133-4CE2-A2A8-93A4F084A409}.Debug|Any CPU.Build.0 = Debug|Any CPU
		{47400769-4133-4CE2-A2A8-93A4F084A409}.Release|Any CPU.ActiveCfg = Release|Any CPU
		{47400769-4133-4CE2-A2A8-93A4F084A409}.Release|Any CPU.Build.0 = Release|Any CPU
	EndGlobalSection
	GlobalSection(SolutionProperties) = preSolution
		HideSolutionNode = FALSE
	EndGlobalSection
	GlobalSection(ExtensibilityGlobals) = postSolution
		SolutionGuid = {0092F349-B207-4BDC-B2D0-FA176CDA77DE}
	EndGlobalSection
EndGlobal
